
Microsoft Visual Studio Solution File, Format Version 12.00
# Visual Studio 15
VisualStudioVersion = 15.0.26430.6
MinimumVisualStudioVersion = 10.0.40219.1
Project("{FAE04EC0-301F-11D3-BF4B-00C04F79EFBC}") = "Performancel.Logger.API", "Performance.Logger.API\Performancel.Logger.API.csproj", "{9DF2E2F3-4A5D-454A-8CE4-5B8922B8B050}"
EndProject
Project("{FAE04EC0-301F-11D3-BF4B-00C04F79EFBC}") = "Performance.Logger.Portal", "Performance.Logger.Portal\Performance.Logger.Portal.csproj", "{A05AFACD-0C60-4D38-BE72-79CC9A8FCEEB}"
EndProject
Global
	GlobalSection(SolutionConfigurationPlatforms) = preSolution
		Debug|Any CPU = Debug|Any CPU
		Release|Any CPU = Release|Any CPU
	EndGlobalSection
	GlobalSection(ProjectConfigurationPlatforms) = postSolution
		{9DF2E2F3-4A5D-454A-8CE4-5B8922B8B050}.Debug|Any CPU.ActiveCfg = Debug|Any CPU
		{9DF2E2F3-4A5D-454A-8CE4-5B8922B8B050}.Debug|Any CPU.Build.0 = Debug|Any CPU
		{9DF2E2F3-4A5D-454A-8CE4-5B8922B8B050}.Release|Any CPU.ActiveCfg = Release|Any CPU
		{9DF2E2F3-4A5D-454A-8CE4-5B8922B8B050}.Release|Any CPU.Build.0 = Release|Any CPU
		{A05AFACD-0C60-4D38-BE72-79CC9A8FCEEB}.Debug|Any CPU.ActiveCfg = Debug|Any CPU
		{A05AFACD-0C60-4D38-BE72-79CC9A8FCEEB}.Debug|Any CPU.Build.0 = Debug|Any CPU
		{A05AFACD-0C60-4D38-BE72-79CC9A8FCEEB}.Release|Any CPU.ActiveCfg = Release|Any CPU
		{A05AFACD-0C60-4D38-BE72-79CC9A8FCEEB}.Release|Any CPU.Build.0 = Release|Any CPU
	EndGlobalSection
	GlobalSection(SolutionProperties) = preSolution
		HideSolutionNode = FALSE
	EndGlobalSection
	GlobalSection(TeamFoundationVersionControl) = preSolution
		SccNumberOfProjects = 3
		SccEnterpriseProvider = {4CA58AB2-18FA-4F8D-95D4-32DDF27D184C}
		SccTeamFoundationServer = https://tfs.paygeex.com:8443/tfs/defaultcollection
		SccLocalPath0 = .
		SccProjectUniqueName1 = Performance.Logger.API\\Performancel.Logger.API.csproj
		SccProjectName1 = Performance.Logger.API
		SccLocalPath1 = Performance.Logger.API
		SccProjectUniqueName2 = Performance.Logger.Portal\\Performance.Logger.Portal.csproj
		SccProjectName2 = Performance.Logger.Portal
		SccLocalPath2 = Performance.Logger.Portal
	EndGlobalSection
EndGlobal
